
Microsoft Visual Studio Solution File, Format Version 12.00
# Visual Studio 15
VisualStudioVersion = 15.0.26403.0
MinimumVisualStudioVersion = 10.0.40219.1
Project("{FAE04EC0-301F-11D3-BF4B-00C04F79EFBC}") = "SceneSkope.PowerBI", "SceneSkope.PowerBI\SceneSkope.PowerBI.csproj", "{26367A7A-5ED8-4464-9F54-B7D89419FAB7}"
EndProject
Project("{2150E333-8FDC-42A3-9474-1A3956D46DE8}") = "Solution Items", "Solution Items", "{98320353-2DBA-4C8E-A1E0-47E39AC40123}"
	ProjectSection(SolutionItems) = preProject
		.editorconfig = .editorconfig
		.gitignore = .gitignore
		LICENSE = LICENSE
		README.md = README.md
	EndProjectSection
EndProject
Project("{FAE04EC0-301F-11D3-BF4B-00C04F79EFBC}") = "GetDeviceCode", "GetDeviceCode\GetDeviceCode.csproj", "{46A84200-F5F1-4E90-A688-91CAB1DF2C15}"
EndProject
Project("{FAE04EC0-301F-11D3-BF4B-00C04F79EFBC}") = "PowerBIClientTests", "PowerBIClientTests\PowerBIClientTests.csproj", "{864C9EA5-B2A4-4E51-A1F2-3EBBE896A37A}"
EndProject
Project("{FAE04EC0-301F-11D3-BF4B-00C04F79EFBC}") = "StreamingSample", "Samples\StreamingSample\StreamingSample.csproj", "{C950FCCF-FB8E-4402-92F6-7642B8B078B8}"
EndProject
Project("{2150E333-8FDC-42A3-9474-1A3956D46DE8}") = "Samples", "Samples", "{810272B1-0E34-4327-8A97-B031B2F0A85A}"
EndProject
Project("{FAE04EC0-301F-11D3-BF4B-00C04F79EFBC}") = "PushStreamingSample", "Samples\PushStreamingSample\PushStreamingSample.csproj", "{0F992BE3-5B06-471C-B87A-5C528F39000A}"
EndProject
Project("{FAE04EC0-301F-11D3-BF4B-00C04F79EFBC}") = "PushStreamingSampleRetentionNone", "Samples\PushStreamingSampleRetentionNone\PushStreamingSampleRetentionNone.csproj", "{CC0DBCD6-1860-4D44-B728-561A89E450A7}"
EndProject
Global
	GlobalSection(SolutionConfigurationPlatforms) = preSolution
		Debug|Any CPU = Debug|Any CPU
		Release|Any CPU = Release|Any CPU
	EndGlobalSection
	GlobalSection(ProjectConfigurationPlatforms) = postSolution
		{26367A7A-5ED8-4464-9F54-B7D89419FAB7}.Debug|Any CPU.ActiveCfg = Debug|Any CPU
		{26367A7A-5ED8-4464-9F54-B7D89419FAB7}.Debug|Any CPU.Build.0 = Debug|Any CPU
		{26367A7A-5ED8-4464-9F54-B7D89419FAB7}.Release|Any CPU.ActiveCfg = Release|Any CPU
		{26367A7A-5ED8-4464-9F54-B7D89419FAB7}.Release|Any CPU.Build.0 = Release|Any CPU
		{46A84200-F5F1-4E90-A688-91CAB1DF2C15}.Debug|Any CPU.ActiveCfg = Debug|Any CPU
		{46A84200-F5F1-4E90-A688-91CAB1DF2C15}.Debug|Any CPU.Build.0 = Debug|Any CPU
		{46A84200-F5F1-4E90-A688-91CAB1DF2C15}.Release|Any CPU.ActiveCfg = Release|Any CPU
		{46A84200-F5F1-4E90-A688-91CAB1DF2C15}.Release|Any CPU.Build.0 = Release|Any CPU
		{864C9EA5-B2A4-4E51-A1F2-3EBBE896A37A}.Debug|Any CPU.ActiveCfg = Debug|Any CPU
		{864C9EA5-B2A4-4E51-A1F2-3EBBE896A37A}.Debug|Any CPU.Build.0 = Debug|Any CPU
		{864C9EA5-B2A4-4E51-A1F2-3EBBE896A37A}.Release|Any CPU.ActiveCfg = Release|Any CPU
		{864C9EA5-B2A4-4E51-A1F2-3EBBE896A37A}.Release|Any CPU.Build.0 = Release|Any CPU
		{C950FCCF-FB8E-4402-92F6-7642B8B078B8}.Debug|Any CPU.ActiveCfg = Debug|Any CPU
		{C950FCCF-FB8E-4402-92F6-7642B8B078B8}.Debug|Any CPU.Build.0 = Debug|Any CPU
		{C950FCCF-FB8E-4402-92F6-7642B8B078B8}.Release|Any CPU.ActiveCfg = Release|Any CPU
		{C950FCCF-FB8E-4402-92F6-7642B8B078B8}.Release|Any CPU.Build.0 = Release|Any CPU
		{0F992BE3-5B06-471C-B87A-5C528F39000A}.Debug|Any CPU.ActiveCfg = Debug|Any CPU
		{0F992BE3-5B06-471C-B87A-5C528F39000A}.Debug|Any CPU.Build.0 = Debug|Any CPU
		{0F992BE3-5B06-471C-B87A-5C528F39000A}.Release|Any CPU.ActiveCfg = Release|Any CPU
		{0F992BE3-5B06-471C-B87A-5C528F39000A}.Release|Any CPU.Build.0 = Release|Any CPU
		{CC0DBCD6-1860-4D44-B728-561A89E450A7}.Debug|Any CPU.ActiveCfg = Debug|Any CPU
		{CC0DBCD6-1860-4D44-B728-561A89E450A7}.Debug|Any CPU.Build.0 = Debug|Any CPU
		{CC0DBCD6-1860-4D44-B728-561A89E450A7}.Release|Any CPU.ActiveCfg = Release|Any CPU
		{CC0DBCD6-1860-4D44-B728-561A89E450A7}.Release|Any CPU.Build.0 = Release|Any CPU
	EndGlobalSection
	GlobalSection(SolutionProperties) = preSolution
		HideSolutionNode = FALSE
	EndGlobalSection
	GlobalSection(NestedProjects) = preSolution
		{C950FCCF-FB8E-4402-92F6-7642B8B078B8} = {810272B1-0E34-4327-8A97-B031B2F0A85A}
		{0F992BE3-5B06-471C-B87A-5C528F39000A} = {810272B1-0E34-4327-8A97-B031B2F0A85A}
		{CC0DBCD6-1860-4D44-B728-561A89E450A7} = {810272B1-0E34-4327-8A97-B031B2F0A85A}
	EndGlobalSection
EndGlobal
