
Microsoft Visual Studio Solution File, Format Version 12.00
# Visual Studio 15
VisualStudioVersion = 15.0.27130.2003
MinimumVisualStudioVersion = 10.0.40219.1
Project("{9A19103F-16F7-4668-BE54-9A1E7A4F7556}") = "SceneSkope.PowerBI", "SceneSkope.PowerBI\SceneSkope.PowerBI.csproj", "{26367A7A-5ED8-4464-9F54-B7D89419FAB7}"
EndProject
Project("{2150E333-8FDC-42A3-9474-1A3956D46DE8}") = "Solution Items", "Solution Items", "{98320353-2DBA-4C8E-A1E0-47E39AC40123}"
	ProjectSection(SolutionItems) = preProject
		.editorconfig = .editorconfig
		.gitignore = .gitignore
		appveyor.yml = appveyor.yml
		build.ps1 = build.ps1
		directory.build.props = directory.build.props
		LICENSE = LICENSE
		README.md = README.md
	EndProjectSection
EndProject
Project("{9A19103F-16F7-4668-BE54-9A1E7A4F7556}") = "GetDeviceCode", "GetDeviceCode\GetDeviceCode.csproj", "{46A84200-F5F1-4E90-A688-91CAB1DF2C15}"
EndProject
Project("{9A19103F-16F7-4668-BE54-9A1E7A4F7556}") = "PowerBIClientTests", "PowerBIClientTests\PowerBIClientTests.csproj", "{864C9EA5-B2A4-4E51-A1F2-3EBBE896A37A}"
EndProject
Project("{9A19103F-16F7-4668-BE54-9A1E7A4F7556}") = "StreamingSample", "Samples\StreamingSample\StreamingSample.csproj", "{C950FCCF-FB8E-4402-92F6-7642B8B078B8}"
EndProject
Project("{2150E333-8FDC-42A3-9474-1A3956D46DE8}") = "Samples", "Samples", "{810272B1-0E34-4327-8A97-B031B2F0A85A}"
EndProject
Project("{9A19103F-16F7-4668-BE54-9A1E7A4F7556}") = "PushStreamingSample", "Samples\PushStreamingSample\PushStreamingSample.csproj", "{0F992BE3-5B06-471C-B87A-5C528F39000A}"
EndProject
Project("{9A19103F-16F7-4668-BE54-9A1E7A4F7556}") = "PushStreamingSampleRetentionNone", "Samples\PushStreamingSampleRetentionNone\PushStreamingSampleRetentionNone.csproj", "{CC0DBCD6-1860-4D44-B728-561A89E450A7}"
EndProject
Project("{9A19103F-16F7-4668-BE54-9A1E7A4F7556}") = "StreamingUISample", "Samples\StreamingUISample\StreamingUISample.csproj", "{97EB7E41-2845-4B5B-9BA3-313C6205067D}"
EndProject
Project("{9A19103F-16F7-4668-BE54-9A1E7A4F7556}") = "MultiTableExample", "Samples\MultiTableExample\MultiTableExample.csproj", "{68707EF6-56F3-4AFE-A405-5133FC3A380F}"
EndProject
Project("{9A19103F-16F7-4668-BE54-9A1E7A4F7556}") = "EmbedInformation", "Samples\EmbedInformation\EmbedInformation.csproj", "{9525EC8D-4F3D-4BE6-B1E9-5646493355D4}"
EndProject
Project("{9A19103F-16F7-4668-BE54-9A1E7A4F7556}") = "RefreshDataset", "Samples\RefreshDataset\RefreshDataset.csproj", "{0B20A564-C310-4E63-BE2A-F6C61BD6BD08}"
EndProject
Global
	GlobalSection(SolutionConfigurationPlatforms) = preSolution
		Debug|Any CPU = Debug|Any CPU
		Release|Any CPU = Release|Any CPU
	EndGlobalSection
	GlobalSection(ProjectConfigurationPlatforms) = postSolution
		{26367A7A-5ED8-4464-9F54-B7D89419FAB7}.Debug|Any CPU.ActiveCfg = Debug|Any CPU
		{26367A7A-5ED8-4464-9F54-B7D89419FAB7}.Debug|Any CPU.Build.0 = Debug|Any CPU
		{26367A7A-5ED8-4464-9F54-B7D89419FAB7}.Release|Any CPU.ActiveCfg = Release|Any CPU
		{26367A7A-5ED8-4464-9F54-B7D89419FAB7}.Release|Any CPU.Build.0 = Release|Any CPU
		{46A84200-F5F1-4E90-A688-91CAB1DF2C15}.Debug|Any CPU.ActiveCfg = Debug|Any CPU
		{46A84200-F5F1-4E90-A688-91CAB1DF2C15}.Debug|Any CPU.Build.0 = Debug|Any CPU
		{46A84200-F5F1-4E90-A688-91CAB1DF2C15}.Release|Any CPU.ActiveCfg = Release|Any CPU
		{46A84200-F5F1-4E90-A688-91CAB1DF2C15}.Release|Any CPU.Build.0 = Release|Any CPU
		{864C9EA5-B2A4-4E51-A1F2-3EBBE896A37A}.Debug|Any CPU.ActiveCfg = Debug|Any CPU
		{864C9EA5-B2A4-4E51-A1F2-3EBBE896A37A}.Debug|Any CPU.Build.0 = Debug|Any CPU
		{864C9EA5-B2A4-4E51-A1F2-3EBBE896A37A}.Release|Any CPU.ActiveCfg = Release|Any CPU
		{864C9EA5-B2A4-4E51-A1F2-3EBBE896A37A}.Release|Any CPU.Build.0 = Release|Any CPU
		{C950FCCF-FB8E-4402-92F6-7642B8B078B8}.Debug|Any CPU.ActiveCfg = Debug|Any CPU
		{C950FCCF-FB8E-4402-92F6-7642B8B078B8}.Debug|Any CPU.Build.0 = Debug|Any CPU
		{C950FCCF-FB8E-4402-92F6-7642B8B078B8}.Release|Any CPU.ActiveCfg = Release|Any CPU
		{C950FCCF-FB8E-4402-92F6-7642B8B078B8}.Release|Any CPU.Build.0 = Release|Any CPU
		{0F992BE3-5B06-471C-B87A-5C528F39000A}.Debug|Any CPU.ActiveCfg = Debug|Any CPU
		{0F992BE3-5B06-471C-B87A-5C528F39000A}.Debug|Any CPU.Build.0 = Debug|Any CPU
		{0F992BE3-5B06-471C-B87A-5C528F39000A}.Release|Any CPU.ActiveCfg = Release|Any CPU
		{0F992BE3-5B06-471C-B87A-5C528F39000A}.Release|Any CPU.Build.0 = Release|Any CPU
		{CC0DBCD6-1860-4D44-B728-561A89E450A7}.Debug|Any CPU.ActiveCfg = Debug|Any CPU
		{CC0DBCD6-1860-4D44-B728-561A89E450A7}.Debug|Any CPU.Build.0 = Debug|Any CPU
		{CC0DBCD6-1860-4D44-B728-561A89E450A7}.Release|Any CPU.ActiveCfg = Release|Any CPU
		{CC0DBCD6-1860-4D44-B728-561A89E450A7}.Release|Any CPU.Build.0 = Release|Any CPU
		{97EB7E41-2845-4B5B-9BA3-313C6205067D}.Debug|Any CPU.ActiveCfg = Debug|Any CPU
		{97EB7E41-2845-4B5B-9BA3-313C6205067D}.Debug|Any CPU.Build.0 = Debug|Any CPU
		{97EB7E41-2845-4B5B-9BA3-313C6205067D}.Release|Any CPU.ActiveCfg = Release|Any CPU
		{97EB7E41-2845-4B5B-9BA3-313C6205067D}.Release|Any CPU.Build.0 = Release|Any CPU
		{68707EF6-56F3-4AFE-A405-5133FC3A380F}.Debug|Any CPU.ActiveCfg = Debug|Any CPU
		{68707EF6-56F3-4AFE-A405-5133FC3A380F}.Debug|Any CPU.Build.0 = Debug|Any CPU
		{68707EF6-56F3-4AFE-A405-5133FC3A380F}.Release|Any CPU.ActiveCfg = Release|Any CPU
		{68707EF6-56F3-4AFE-A405-5133FC3A380F}.Release|Any CPU.Build.0 = Release|Any CPU
		{9525EC8D-4F3D-4BE6-B1E9-5646493355D4}.Debug|Any CPU.ActiveCfg = Debug|Any CPU
		{9525EC8D-4F3D-4BE6-B1E9-5646493355D4}.Debug|Any CPU.Build.0 = Debug|Any CPU
		{9525EC8D-4F3D-4BE6-B1E9-5646493355D4}.Release|Any CPU.ActiveCfg = Release|Any CPU
		{9525EC8D-4F3D-4BE6-B1E9-5646493355D4}.Release|Any CPU.Build.0 = Release|Any CPU
		{0B20A564-C310-4E63-BE2A-F6C61BD6BD08}.Debug|Any CPU.ActiveCfg = Debug|Any CPU
		{0B20A564-C310-4E63-BE2A-F6C61BD6BD08}.Debug|Any CPU.Build.0 = Debug|Any CPU
		{0B20A564-C310-4E63-BE2A-F6C61BD6BD08}.Release|Any CPU.ActiveCfg = Release|Any CPU
		{0B20A564-C310-4E63-BE2A-F6C61BD6BD08}.Release|Any CPU.Build.0 = Release|Any CPU
	EndGlobalSection
	GlobalSection(SolutionProperties) = preSolution
		HideSolutionNode = FALSE
	EndGlobalSection
	GlobalSection(NestedProjects) = preSolution
		{C950FCCF-FB8E-4402-92F6-7642B8B078B8} = {810272B1-0E34-4327-8A97-B031B2F0A85A}
		{0F992BE3-5B06-471C-B87A-5C528F39000A} = {810272B1-0E34-4327-8A97-B031B2F0A85A}
		{CC0DBCD6-1860-4D44-B728-561A89E450A7} = {810272B1-0E34-4327-8A97-B031B2F0A85A}
		{97EB7E41-2845-4B5B-9BA3-313C6205067D} = {810272B1-0E34-4327-8A97-B031B2F0A85A}
		{68707EF6-56F3-4AFE-A405-5133FC3A380F} = {810272B1-0E34-4327-8A97-B031B2F0A85A}
		{9525EC8D-4F3D-4BE6-B1E9-5646493355D4} = {810272B1-0E34-4327-8A97-B031B2F0A85A}
	EndGlobalSection
	GlobalSection(ExtensibilityGlobals) = postSolution
		SolutionGuid = {F7319DDB-E4C9-4B55-A562-A702D4493238}
	EndGlobalSection
EndGlobal
